// !$*UTF8*$!
{
	archiveVersion = 1;
	classes = {
	};
	objectVersion = 56;
	objects = {

/* Begin PBXBuildFile section */
		1A6DEC8328CD23880096D528 /* SwiftUIWidgetsDemo2App.swift in Sources */ = {isa = PBXBuildFile; fileRef = 1A6DEC8228CD23880096D528 /* SwiftUIWidgetsDemo2App.swift */; };
		1A6DEC8528CD23880096D528 /* ContentView.swift in Sources */ = {isa = PBXBuildFile; fileRef = 1A6DEC8428CD23880096D528 /* ContentView.swift */; };
		1A6DEC8728CD23890096D528 /* Assets.xcassets in Resources */ = {isa = PBXBuildFile; fileRef = 1A6DEC8628CD23890096D528 /* Assets.xcassets */; };
		1A6DEC8A28CD23890096D528 /* Preview Assets.xcassets in Resources */ = {isa = PBXBuildFile; fileRef = 1A6DEC8928CD23890096D528 /* Preview Assets.xcassets */; };
		1A6DEC9928CD26490096D528 /* WidgetKit.framework in Frameworks */ = {isa = PBXBuildFile; fileRef = 1A6DEC9828CD26480096D528 /* WidgetKit.framework */; };
		1A6DEC9B28CD26490096D528 /* SwiftUI.framework in Frameworks */ = {isa = PBXBuildFile; fileRef = 1A6DEC9A28CD26490096D528 /* SwiftUI.framework */; };
		1A6DEC9E28CD26490096D528 /* StaticWidget.swift in Sources */ = {isa = PBXBuildFile; fileRef = 1A6DEC9D28CD26490096D528 /* StaticWidget.swift */; };
		1A6DECA128CD264A0096D528 /* Assets.xcassets in Resources */ = {isa = PBXBuildFile; fileRef = 1A6DECA028CD264A0096D528 /* Assets.xcassets */; };
		1A6DECA328CD264A0096D528 /* Widgets.intentdefinition in Sources */ = {isa = PBXBuildFile; fileRef = 1A6DEC9F28CD26490096D528 /* Widgets.intentdefinition */; };
		1A6DECA428CD264A0096D528 /* Widgets.intentdefinition in Sources */ = {isa = PBXBuildFile; fileRef = 1A6DEC9F28CD26490096D528 /* Widgets.intentdefinition */; };
		1A6DECA728CD264A0096D528 /* WidgetsExtension.appex in Embed Foundation Extensions */ = {isa = PBXBuildFile; fileRef = 1A6DEC9628CD26480096D528 /* WidgetsExtension.appex */; settings = {ATTRIBUTES = (RemoveHeadersOnCopy, ); }; };
		1A6DECAE28CD27DD0096D528 /* ConfigurableWidget.swift in Sources */ = {isa = PBXBuildFile; fileRef = 1A6DECAC28CD27D90096D528 /* ConfigurableWidget.swift */; };
		1A6DECB128CD2DC60096D528 /* DoubleExtension.swift in Sources */ = {isa = PBXBuildFile; fileRef = 1A6DECAF28CD2D650096D528 /* DoubleExtension.swift */; };
		1AAE045728CD602000EA4FCE /* LocationManager.swift in Sources */ = {isa = PBXBuildFile; fileRef = 1AAE045628CD602000EA4FCE /* LocationManager.swift */; };
/* End PBXBuildFile section */

/* Begin PBXContainerItemProxy section */
		1A6DECA528CD264A0096D528 /* PBXContainerItemProxy */ = {
			isa = PBXContainerItemProxy;
			containerPortal = 1A6DEC7728CD23880096D528 /* Project object */;
			proxyType = 1;
			remoteGlobalIDString = 1A6DEC9528CD26480096D528;
			remoteInfo = WidgetsExtension;
		};
/* End PBXContainerItemProxy section */

/* Begin PBXCopyFilesBuildPhase section */
		1A6DECAB28CD264A0096D528 /* Embed Foundation Extensions */ = {
			isa = PBXCopyFilesBuildPhase;
			buildActionMask = 2147483647;
			dstPath = "";
			dstSubfolderSpec = 13;
			files = (
				1A6DECA728CD264A0096D528 /* WidgetsExtension.appex in Embed Foundation Extensions */,
			);
			name = "Embed Foundation Extensions";
			runOnlyForDeploymentPostprocessing = 0;
		};
/* End PBXCopyFilesBuildPhase section */

/* Begin PBXFileReference section */
		1A6DEC7F28CD23880096D528 /* SwiftUIWidgetsDemo2.app */ = {isa = PBXFileReference; explicitFileType = wrapper.application; includeInIndex = 0; path = SwiftUIWidgetsDemo2.app; sourceTree = BUILT_PRODUCTS_DIR; };
		1A6DEC8228CD23880096D528 /* SwiftUIWidgetsDemo2App.swift */ = {isa = PBXFileReference; lastKnownFileType = sourcecode.swift; path = SwiftUIWidgetsDemo2App.swift; sourceTree = "<group>"; };
		1A6DEC8428CD23880096D528 /* ContentView.swift */ = {isa = PBXFileReference; lastKnownFileType = sourcecode.swift; path = ContentView.swift; sourceTree = "<group>"; };
		1A6DEC8628CD23890096D528 /* Assets.xcassets */ = {isa = PBXFileReference; lastKnownFileType = folder.assetcatalog; path = Assets.xcassets; sourceTree = "<group>"; };
		1A6DEC8928CD23890096D528 /* Preview Assets.xcassets */ = {isa = PBXFileReference; lastKnownFileType = folder.assetcatalog; path = "Preview Assets.xcassets"; sourceTree = "<group>"; };
		1A6DEC9628CD26480096D528 /* WidgetsExtension.appex */ = {isa = PBXFileReference; explicitFileType = "wrapper.app-extension"; includeInIndex = 0; path = WidgetsExtension.appex; sourceTree = BUILT_PRODUCTS_DIR; };
		1A6DEC9828CD26480096D528 /* WidgetKit.framework */ = {isa = PBXFileReference; lastKnownFileType = wrapper.framework; name = WidgetKit.framework; path = System/Library/Frameworks/WidgetKit.framework; sourceTree = SDKROOT; };
		1A6DEC9A28CD26490096D528 /* SwiftUI.framework */ = {isa = PBXFileReference; lastKnownFileType = wrapper.framework; name = SwiftUI.framework; path = System/Library/Frameworks/SwiftUI.framework; sourceTree = SDKROOT; };
		1A6DEC9D28CD26490096D528 /* StaticWidget.swift */ = {isa = PBXFileReference; lastKnownFileType = sourcecode.swift; path = StaticWidget.swift; sourceTree = "<group>"; };
		1A6DEC9F28CD26490096D528 /* Widgets.intentdefinition */ = {isa = PBXFileReference; lastKnownFileType = file.intentdefinition; path = Widgets.intentdefinition; sourceTree = "<group>"; };
		1A6DECA028CD264A0096D528 /* Assets.xcassets */ = {isa = PBXFileReference; lastKnownFileType = folder.assetcatalog; path = Assets.xcassets; sourceTree = "<group>"; };
		1A6DECA228CD264A0096D528 /* Info.plist */ = {isa = PBXFileReference; lastKnownFileType = text.plist.xml; path = Info.plist; sourceTree = "<group>"; };
		1A6DECAC28CD27D90096D528 /* ConfigurableWidget.swift */ = {isa = PBXFileReference; lastKnownFileType = sourcecode.swift; path = ConfigurableWidget.swift; sourceTree = "<group>"; };
		1A6DECAF28CD2D650096D528 /* DoubleExtension.swift */ = {isa = PBXFileReference; lastKnownFileType = sourcecode.swift; path = DoubleExtension.swift; sourceTree = "<group>"; };
		1A6DECB228CD3BB90096D528 /* WidgetsExtension.entitlements */ = {isa = PBXFileReference; lastKnownFileType = text.plist.entitlements; path = WidgetsExtension.entitlements; sourceTree = "<group>"; };
		1A6DECB328CD4D660096D528 /* SwiftUIWidgetsDemo2.entitlements */ = {isa = PBXFileReference; lastKnownFileType = text.plist.entitlements; path = SwiftUIWidgetsDemo2.entitlements; sourceTree = "<group>"; };
		1AAE045628CD602000EA4FCE /* LocationManager.swift */ = {isa = PBXFileReference; lastKnownFileType = sourcecode.swift; path = LocationManager.swift; sourceTree = "<group>"; };
/* End PBXFileReference section */

/* Begin PBXFrameworksBuildPhase section */
		1A6DEC7C28CD23880096D528 /* Frameworks */ = {
			isa = PBXFrameworksBuildPhase;
			buildActionMask = 2147483647;
			files = (
			);
			runOnlyForDeploymentPostprocessing = 0;
		};
		1A6DEC9328CD26480096D528 /* Frameworks */ = {
			isa = PBXFrameworksBuildPhase;
			buildActionMask = 2147483647;
			files = (
				1A6DEC9B28CD26490096D528 /* SwiftUI.framework in Frameworks */,
				1A6DEC9928CD26490096D528 /* WidgetKit.framework in Frameworks */,
			);
			runOnlyForDeploymentPostprocessing = 0;
		};
/* End PBXFrameworksBuildPhase section */

/* Begin PBXGroup section */
		1A6DEC7628CD23880096D528 = {
			isa = PBXGroup;
			children = (
				1A6DECB228CD3BB90096D528 /* WidgetsExtension.entitlements */,
				1A6DEC8128CD23880096D528 /* SwiftUIWidgetsDemo2 */,
				1A6DEC9C28CD26490096D528 /* Widgets */,
				1A6DEC9728CD26480096D528 /* Frameworks */,
				1A6DEC8028CD23880096D528 /* Products */,
			);
			sourceTree = "<group>";
		};
		1A6DEC8028CD23880096D528 /* Products */ = {
			isa = PBXGroup;
			children = (
				1A6DEC7F28CD23880096D528 /* SwiftUIWidgetsDemo2.app */,
				1A6DEC9628CD26480096D528 /* WidgetsExtension.appex */,
			);
			name = Products;
			sourceTree = "<group>";
		};
		1A6DEC8128CD23880096D528 /* SwiftUIWidgetsDemo2 */ = {
			isa = PBXGroup;
			children = (
				1A6DECB328CD4D660096D528 /* SwiftUIWidgetsDemo2.entitlements */,
				1A6DEC8228CD23880096D528 /* SwiftUIWidgetsDemo2App.swift */,
				1A6DEC8428CD23880096D528 /* ContentView.swift */,
				1A6DEC8628CD23890096D528 /* Assets.xcassets */,
				1A6DEC8828CD23890096D528 /* Preview Content */,
				1AAE045628CD602000EA4FCE /* LocationManager.swift */,
			);
			path = SwiftUIWidgetsDemo2;
			sourceTree = "<group>";
		};
		1A6DEC8828CD23890096D528 /* Preview Content */ = {
			isa = PBXGroup;
			children = (
				1A6DEC8928CD23890096D528 /* Preview Assets.xcassets */,
			);
			path = "Preview Content";
			sourceTree = "<group>";
		};
		1A6DEC9728CD26480096D528 /* Frameworks */ = {
			isa = PBXGroup;
			children = (
				1A6DEC9828CD26480096D528 /* WidgetKit.framework */,
				1A6DEC9A28CD26490096D528 /* SwiftUI.framework */,
			);
			name = Frameworks;
			sourceTree = "<group>";
		};
		1A6DEC9C28CD26490096D528 /* Widgets */ = {
			isa = PBXGroup;
			children = (
				1A6DEC9D28CD26490096D528 /* StaticWidget.swift */,
				1A6DECAF28CD2D650096D528 /* DoubleExtension.swift */,
				1A6DECAC28CD27D90096D528 /* ConfigurableWidget.swift */,
				1A6DEC9F28CD26490096D528 /* Widgets.intentdefinition */,
				1A6DECA028CD264A0096D528 /* Assets.xcassets */,
				1A6DECA228CD264A0096D528 /* Info.plist */,
			);
			path = Widgets;
			sourceTree = "<group>";
		};
/* End PBXGroup section */

/* Begin PBXNativeTarget section */
		1A6DEC7E28CD23880096D528 /* SwiftUIWidgetsDemo2 */ = {
			isa = PBXNativeTarget;
			buildConfigurationList = 1A6DEC8D28CD23890096D528 /* Build configuration list for PBXNativeTarget "SwiftUIWidgetsDemo2" */;
			buildPhases = (
				1A6DEC7B28CD23880096D528 /* Sources */,
				1A6DEC7C28CD23880096D528 /* Frameworks */,
				1A6DEC7D28CD23880096D528 /* Resources */,
				1A6DECAB28CD264A0096D528 /* Embed Foundation Extensions */,
			);
			buildRules = (
			);
			dependencies = (
				1A6DECA628CD264A0096D528 /* PBXTargetDependency */,
			);
			name = SwiftUIWidgetsDemo2;
			productName = SwiftUIWidgetsDemo2;
			productReference = 1A6DEC7F28CD23880096D528 /* SwiftUIWidgetsDemo2.app */;
			productType = "com.apple.product-type.application";
		};
		1A6DEC9528CD26480096D528 /* WidgetsExtension */ = {
			isa = PBXNativeTarget;
			buildConfigurationList = 1A6DECA828CD264A0096D528 /* Build configuration list for PBXNativeTarget "WidgetsExtension" */;
			buildPhases = (
				1A6DEC9228CD26480096D528 /* Sources */,
				1A6DEC9328CD26480096D528 /* Frameworks */,
				1A6DEC9428CD26480096D528 /* Resources */,
			);
			buildRules = (
			);
			dependencies = (
			);
			name = WidgetsExtension;
			productName = WidgetsExtension;
			productReference = 1A6DEC9628CD26480096D528 /* WidgetsExtension.appex */;
			productType = "com.apple.product-type.app-extension";
		};
/* End PBXNativeTarget section */

/* Begin PBXProject section */
		1A6DEC7728CD23880096D528 /* Project object */ = {
			isa = PBXProject;
			attributes = {
				BuildIndependentTargetsInParallel = 1;
				LastSwiftUpdateCheck = 1400;
				LastUpgradeCheck = 1400;
				TargetAttributes = {
					1A6DEC7E28CD23880096D528 = {
						CreatedOnToolsVersion = 14.0;
					};
					1A6DEC9528CD26480096D528 = {
						CreatedOnToolsVersion = 14.0;
					};
				};
			};
			buildConfigurationList = 1A6DEC7A28CD23880096D528 /* Build configuration list for PBXProject "SwiftUIWidgetsDemo2" */;
			compatibilityVersion = "Xcode 14.0";
			developmentRegion = en;
			hasScannedForEncodings = 0;
			knownRegions = (
				en,
				Base,
			);
			mainGroup = 1A6DEC7628CD23880096D528;
			productRefGroup = 1A6DEC8028CD23880096D528 /* Products */;
			projectDirPath = "";
			projectRoot = "";
			targets = (
				1A6DEC7E28CD23880096D528 /* SwiftUIWidgetsDemo2 */,
				1A6DEC9528CD26480096D528 /* WidgetsExtension */,
			);
		};
/* End PBXProject section */

/* Begin PBXResourcesBuildPhase section */
		1A6DEC7D28CD23880096D528 /* Resources */ = {
			isa = PBXResourcesBuildPhase;
			buildActionMask = 2147483647;
			files = (
				1A6DEC8A28CD23890096D528 /* Preview Assets.xcassets in Resources */,
				1A6DEC8728CD23890096D528 /* Assets.xcassets in Resources */,
			);
			runOnlyForDeploymentPostprocessing = 0;
		};
		1A6DEC9428CD26480096D528 /* Resources */ = {
			isa = PBXResourcesBuildPhase;
			buildActionMask = 2147483647;
			files = (
				1A6DECA128CD264A0096D528 /* Assets.xcassets in Resources */,
			);
			runOnlyForDeploymentPostprocessing = 0;
		};
/* End PBXResourcesBuildPhase section */

/* Begin PBXSourcesBuildPhase section */
		1A6DEC7B28CD23880096D528 /* Sources */ = {
			isa = PBXSourcesBuildPhase;
			buildActionMask = 2147483647;
			files = (
				1AAE045728CD602000EA4FCE /* LocationManager.swift in Sources */,
				1A6DEC8528CD23880096D528 /* ContentView.swift in Sources */,
				1A6DECA428CD264A0096D528 /* Widgets.intentdefinition in Sources */,
				1A6DEC8328CD23880096D528 /* SwiftUIWidgetsDemo2App.swift in Sources */,
			);
			runOnlyForDeploymentPostprocessing = 0;
		};
		1A6DEC9228CD26480096D528 /* Sources */ = {
			isa = PBXSourcesBuildPhase;
			buildActionMask = 2147483647;
			files = (
				1A6DECB128CD2DC60096D528 /* DoubleExtension.swift in Sources */,
				1A6DECAE28CD27DD0096D528 /* ConfigurableWidget.swift in Sources */,
				1A6DECA328CD264A0096D528 /* Widgets.intentdefinition in Sources */,
				1A6DEC9E28CD26490096D528 /* StaticWidget.swift in Sources */,
			);
			runOnlyForDeploymentPostprocessing = 0;
		};
/* End PBXSourcesBuildPhase section */

/* Begin PBXTargetDependency section */
		1A6DECA628CD264A0096D528 /* PBXTargetDependency */ = {
			isa = PBXTargetDependency;
			target = 1A6DEC9528CD26480096D528 /* WidgetsExtension */;
			targetProxy = 1A6DECA528CD264A0096D528 /* PBXContainerItemProxy */;
		};
/* End PBXTargetDependency section */

/* Begin XCBuildConfiguration section */
		1A6DEC8B28CD23890096D528 /* Debug */ = {
			isa = XCBuildConfiguration;
			buildSettings = {
				ALWAYS_SEARCH_USER_PATHS = NO;
				CLANG_ANALYZER_NONNULL = YES;
				CLANG_ANALYZER_NUMBER_OBJECT_CONVERSION = YES_AGGRESSIVE;
				CLANG_CXX_LANGUAGE_STANDARD = "gnu++20";
				CLANG_ENABLE_MODULES = YES;
				CLANG_ENABLE_OBJC_ARC = YES;
				CLANG_ENABLE_OBJC_WEAK = YES;
				CLANG_WARN_BLOCK_CAPTURE_AUTORELEASING = YES;
				CLANG_WARN_BOOL_CONVERSION = YES;
				CLANG_WARN_COMMA = YES;
				CLANG_WARN_CONSTANT_CONVERSION = YES;
				CLANG_WARN_DEPRECATED_OBJC_IMPLEMENTATIONS = YES;
				CLANG_WARN_DIRECT_OBJC_ISA_USAGE = YES_ERROR;
				CLANG_WARN_DOCUMENTATION_COMMENTS = YES;
				CLANG_WARN_EMPTY_BODY = YES;
				CLANG_WARN_ENUM_CONVERSION = YES;
				CLANG_WARN_INFINITE_RECURSION = YES;
				CLANG_WARN_INT_CONVERSION = YES;
				CLANG_WARN_NON_LITERAL_NULL_CONVERSION = YES;
				CLANG_WARN_OBJC_IMPLICIT_RETAIN_SELF = YES;
				CLANG_WARN_OBJC_LITERAL_CONVERSION = YES;
				CLANG_WARN_OBJC_ROOT_CLASS = YES_ERROR;
				CLANG_WARN_QUOTED_INCLUDE_IN_FRAMEWORK_HEADER = YES;
				CLANG_WARN_RANGE_LOOP_ANALYSIS = YES;
				CLANG_WARN_STRICT_PROTOTYPES = YES;
				CLANG_WARN_SUSPICIOUS_MOVE = YES;
				CLANG_WARN_UNGUARDED_AVAILABILITY = YES_AGGRESSIVE;
				CLANG_WARN_UNREACHABLE_CODE = YES;
				CLANG_WARN__DUPLICATE_METHOD_MATCH = YES;
				COPY_PHASE_STRIP = NO;
				DEBUG_INFORMATION_FORMAT = dwarf;
				ENABLE_STRICT_OBJC_MSGSEND = YES;
				ENABLE_TESTABILITY = YES;
				GCC_C_LANGUAGE_STANDARD = gnu11;
				GCC_DYNAMIC_NO_PIC = NO;
				GCC_NO_COMMON_BLOCKS = YES;
				GCC_OPTIMIZATION_LEVEL = 0;
				GCC_PREPROCESSOR_DEFINITIONS = (
					"DEBUG=1",
					"$(inherited)",
				);
				GCC_WARN_64_TO_32_BIT_CONVERSION = YES;
				GCC_WARN_ABOUT_RETURN_TYPE = YES_ERROR;
				GCC_WARN_UNDECLARED_SELECTOR = YES;
				GCC_WARN_UNINITIALIZED_AUTOS = YES_AGGRESSIVE;
				GCC_WARN_UNUSED_FUNCTION = YES;
				GCC_WARN_UNUSED_VARIABLE = YES;
				IPHONEOS_DEPLOYMENT_TARGET = 16.0;
				MTL_ENABLE_DEBUG_INFO = INCLUDE_SOURCE;
				MTL_FAST_MATH = YES;
				ONLY_ACTIVE_ARCH = YES;
				SDKROOT = iphoneos;
				SWIFT_ACTIVE_COMPILATION_CONDITIONS = DEBUG;
				SWIFT_OPTIMIZATION_LEVEL = "-Onone";
			};
			name = Debug;
		};
		1A6DEC8C28CD23890096D528 /* Release */ = {
			isa = XCBuildConfiguration;
			buildSettings = {
				ALWAYS_SEARCH_USER_PATHS = NO;
				CLANG_ANALYZER_NONNULL = YES;
				CLANG_ANALYZER_NUMBER_OBJECT_CONVERSION = YES_AGGRESSIVE;
				CLANG_CXX_LANGUAGE_STANDARD = "gnu++20";
				CLANG_ENABLE_MODULES = YES;
				CLANG_ENABLE_OBJC_ARC = YES;
				CLANG_ENABLE_OBJC_WEAK = YES;
				CLANG_WARN_BLOCK_CAPTURE_AUTORELEASING = YES;
				CLANG_WARN_BOOL_CONVERSION = YES;
				CLANG_WARN_COMMA = YES;
				CLANG_WARN_CONSTANT_CONVERSION = YES;
				CLANG_WARN_DEPRECATED_OBJC_IMPLEMENTATIONS = YES;
				CLANG_WARN_DIRECT_OBJC_ISA_USAGE = YES_ERROR;
				CLANG_WARN_DOCUMENTATION_COMMENTS = YES;
				CLANG_WARN_EMPTY_BODY = YES;
				CLANG_WARN_ENUM_CONVERSION = YES;
				CLANG_WARN_INFINITE_RECURSION = YES;
				CLANG_WARN_INT_CONVERSION = YES;
				CLANG_WARN_NON_LITERAL_NULL_CONVERSION = YES;
				CLANG_WARN_OBJC_IMPLICIT_RETAIN_SELF = YES;
				CLANG_WARN_OBJC_LITERAL_CONVERSION = YES;
				CLANG_WARN_OBJC_ROOT_CLASS = YES_ERROR;
				CLANG_WARN_QUOTED_INCLUDE_IN_FRAMEWORK_HEADER = YES;
				CLANG_WARN_RANGE_LOOP_ANALYSIS = YES;
				CLANG_WARN_STRICT_PROTOTYPES = YES;
				CLANG_WARN_SUSPICIOUS_MOVE = YES;
				CLANG_WARN_UNGUARDED_AVAILABILITY = YES_AGGRESSIVE;
				CLANG_WARN_UNREACHABLE_CODE = YES;
				CLANG_WARN__DUPLICATE_METHOD_MATCH = YES;
				COPY_PHASE_STRIP = NO;
				DEBUG_INFORMATION_FORMAT = "dwarf-with-dsym";
				ENABLE_NS_ASSERTIONS = NO;
				ENABLE_STRICT_OBJC_MSGSEND = YES;
				GCC_C_LANGUAGE_STANDARD = gnu11;
				GCC_NO_COMMON_BLOCKS = YES;
				GCC_WARN_64_TO_32_BIT_CONVERSION = YES;
				GCC_WARN_ABOUT_RETURN_TYPE = YES_ERROR;
				GCC_WARN_UNDECLARED_SELECTOR = YES;
				GCC_WARN_UNINITIALIZED_AUTOS = YES_AGGRESSIVE;
				GCC_WARN_UNUSED_FUNCTION = YES;
				GCC_WARN_UNUSED_VARIABLE = YES;
				IPHONEOS_DEPLOYMENT_TARGET = 16.0;
				MTL_ENABLE_DEBUG_INFO = NO;
				MTL_FAST_MATH = YES;
				SDKROOT = iphoneos;
				SWIFT_COMPILATION_MODE = wholemodule;
				SWIFT_OPTIMIZATION_LEVEL = "-O";
				VALIDATE_PRODUCT = YES;
			};
			name = Release;
		};
		1A6DEC8E28CD23890096D528 /* Debug */ = {
			isa = XCBuildConfiguration;
			buildSettings = {
				ALWAYS_EMBED_SWIFT_STANDARD_LIBRARIES = YES;
				ASSETCATALOG_COMPILER_APPICON_NAME = AppIcon;
				ASSETCATALOG_COMPILER_GLOBAL_ACCENT_COLOR_NAME = AccentColor;
				CODE_SIGN_ENTITLEMENTS = SwiftUIWidgetsDemo2/SwiftUIWidgetsDemo2.entitlements;
				CODE_SIGN_STYLE = Automatic;
				CURRENT_PROJECT_VERSION = 1;
				DEVELOPMENT_ASSET_PATHS = "\"SwiftUIWidgetsDemo2/Preview Content\"";
				DEVELOPMENT_TEAM = 4BG3523GAZ;
				ENABLE_PREVIEWS = YES;
				GENERATE_INFOPLIST_FILE = YES;
				INFOPLIST_KEY_NSLocationAlwaysAndWhenInUseUsageDescription = "We need your location to know the weather data to fetch.";
				INFOPLIST_KEY_NSLocationWhenInUseUsageDescription = "We need your location to know the weather data to fetch.";
				INFOPLIST_KEY_UIApplicationSceneManifest_Generation = YES;
				INFOPLIST_KEY_UIApplicationSupportsIndirectInputEvents = YES;
				INFOPLIST_KEY_UILaunchScreen_Generation = YES;
				INFOPLIST_KEY_UISupportedInterfaceOrientations_iPad = "UIInterfaceOrientationPortrait UIInterfaceOrientationPortraitUpsideDown UIInterfaceOrientationLandscapeLeft UIInterfaceOrientationLandscapeRight";
				INFOPLIST_KEY_UISupportedInterfaceOrientations_iPhone = "UIInterfaceOrientationPortrait UIInterfaceOrientationLandscapeLeft UIInterfaceOrientationLandscapeRight";
				LD_RUNPATH_SEARCH_PATHS = (
					"$(inherited)",
					"@executable_path/Frameworks",
				);
				MARKETING_VERSION = 1.0;
				PRODUCT_BUNDLE_IDENTIFIER = r.mark.volkmann.gmail.com.SwiftUIWidgetsDemo2;
				PRODUCT_NAME = "$(TARGET_NAME)";
				SWIFT_EMIT_LOC_STRINGS = YES;
				SWIFT_VERSION = 5.0;
				TARGETED_DEVICE_FAMILY = "1,2";
			};
			name = Debug;
		};
		1A6DEC8F28CD23890096D528 /* Release */ = {
			isa = XCBuildConfiguration;
			buildSettings = {
				ALWAYS_EMBED_SWIFT_STANDARD_LIBRARIES = YES;
				ASSETCATALOG_COMPILER_APPICON_NAME = AppIcon;
				ASSETCATALOG_COMPILER_GLOBAL_ACCENT_COLOR_NAME = AccentColor;
				CODE_SIGN_ENTITLEMENTS = SwiftUIWidgetsDemo2/SwiftUIWidgetsDemo2.entitlements;
				CODE_SIGN_STYLE = Automatic;
				CURRENT_PROJECT_VERSION = 1;
				DEVELOPMENT_ASSET_PATHS = "\"SwiftUIWidgetsDemo2/Preview Content\"";
				DEVELOPMENT_TEAM = 4BG3523GAZ;
				ENABLE_PREVIEWS = YES;
				GENERATE_INFOPLIST_FILE = YES;
				INFOPLIST_KEY_NSLocationAlwaysAndWhenInUseUsageDescription = "We need your location to know the weather data to fetch.";
				INFOPLIST_KEY_NSLocationWhenInUseUsageDescription = "We need your location to know the weather data to fetch.";
				INFOPLIST_KEY_UIApplicationSceneManifest_Generation = YES;
				INFOPLIST_KEY_UIApplicationSupportsIndirectInputEvents = YES;
				INFOPLIST_KEY_UILaunchScreen_Generation = YES;
				INFOPLIST_KEY_UISupportedInterfaceOrientations_iPad = "UIInterfaceOrientationPortrait UIInterfaceOrientationPortraitUpsideDown UIInterfaceOrientationLandscapeLeft UIInterfaceOrientationLandscapeRight";
				INFOPLIST_KEY_UISupportedInterfaceOrientations_iPhone = "UIInterfaceOrientationPortrait UIInterfaceOrientationLandscapeLeft UIInterfaceOrientationLandscapeRight";
				LD_RUNPATH_SEARCH_PATHS = (
					"$(inherited)",
					"@executable_path/Frameworks",
				);
				MARKETING_VERSION = 1.0;
				PRODUCT_BUNDLE_IDENTIFIER = r.mark.volkmann.gmail.com.SwiftUIWidgetsDemo2;
				PRODUCT_NAME = "$(TARGET_NAME)";
				SWIFT_EMIT_LOC_STRINGS = YES;
				SWIFT_VERSION = 5.0;
				TARGETED_DEVICE_FAMILY = "1,2";
			};
			name = Release;
		};
		1A6DECA928CD264A0096D528 /* Debug */ = {
			isa = XCBuildConfiguration;
			buildSettings = {
				ASSETCATALOG_COMPILER_GLOBAL_ACCENT_COLOR_NAME = AccentColor;
				ASSETCATALOG_COMPILER_WIDGET_BACKGROUND_COLOR_NAME = WidgetBackground;
				CODE_SIGN_ENTITLEMENTS = WidgetsExtension.entitlements;
				CODE_SIGN_STYLE = Automatic;
				CURRENT_PROJECT_VERSION = 1;
				DEVELOPMENT_TEAM = 4BG3523GAZ;
				GENERATE_INFOPLIST_FILE = YES;
				INFOPLIST_FILE = Widgets/Info.plist;
				INFOPLIST_KEY_CFBundleDisplayName = Widgets;
				INFOPLIST_KEY_NSHumanReadableCopyright = "";
				LD_RUNPATH_SEARCH_PATHS = (
					"$(inherited)",
					"@executable_path/Frameworks",
					"@executable_path/../../Frameworks",
				);
				MARKETING_VERSION = 1.0;
				PRODUCT_BUNDLE_IDENTIFIER = r.mark.volkmann.gmail.com.SwiftUIWidgetsDemo2.Widgets;
				PRODUCT_NAME = "$(TARGET_NAME)";
				SKIP_INSTALL = YES;
				SWIFT_EMIT_LOC_STRINGS = YES;
				SWIFT_VERSION = 5.0;
				TARGETED_DEVICE_FAMILY = "1,2";
			};
			name = Debug;
		};
		1A6DECAA28CD264A0096D528 /* Release */ = {
			isa = XCBuildConfiguration;
			buildSettings = {
				ASSETCATALOG_COMPILER_GLOBAL_ACCENT_COLOR_NAME = AccentColor;
				ASSETCATALOG_COMPILER_WIDGET_BACKGROUND_COLOR_NAME = WidgetBackground;
				CODE_SIGN_ENTITLEMENTS = WidgetsExtension.entitlements;
				CODE_SIGN_STYLE = Automatic;
				CURRENT_PROJECT_VERSION = 1;
				DEVELOPMENT_TEAM = 4BG3523GAZ;
				GENERATE_INFOPLIST_FILE = YES;
				INFOPLIST_FILE = Widgets/Info.plist;
				INFOPLIST_KEY_CFBundleDisplayName = Widgets;
				INFOPLIST_KEY_NSHumanReadableCopyright = "";
				LD_RUNPATH_SEARCH_PATHS = (
					"$(inherited)",
					"@executable_path/Frameworks",
					"@executable_path/../../Frameworks",
				);
				MARKETING_VERSION = 1.0;
				PRODUCT_BUNDLE_IDENTIFIER = r.mark.volkmann.gmail.com.SwiftUIWidgetsDemo2.Widgets;
				PRODUCT_NAME = "$(TARGET_NAME)";
				SKIP_INSTALL = YES;
				SWIFT_EMIT_LOC_STRINGS = YES;
				SWIFT_VERSION = 5.0;
				TARGETED_DEVICE_FAMILY = "1,2";
			};
			name = Release;
		};
/* End XCBuildConfiguration section */

/* Begin XCConfigurationList section */
		1A6DEC7A28CD23880096D528 /* Build configuration list for PBXProject "SwiftUIWidgetsDemo2" */ = {
			isa = XCConfigurationList;
			buildConfigurations = (
				1A6DEC8B28CD23890096D528 /* Debug */,
				1A6DEC8C28CD23890096D528 /* Release */,
			);
			defaultConfigurationIsVisible = 0;
			defaultConfigurationName = Release;
		};
		1A6DEC8D28CD23890096D528 /* Build configuration list for PBXNativeTarget "SwiftUIWidgetsDemo2" */ = {
			isa = XCConfigurationList;
			buildConfigurations = (
				1A6DEC8E28CD23890096D528 /* Debug */,
				1A6DEC8F28CD23890096D528 /* Release */,
			);
			defaultConfigurationIsVisible = 0;
			defaultConfigurationName = Release;
		};
		1A6DECA828CD264A0096D528 /* Build configuration list for PBXNativeTarget "WidgetsExtension" */ = {
			isa = XCConfigurationList;
			buildConfigurations = (
				1A6DECA928CD264A0096D528 /* Debug */,
				1A6DECAA28CD264A0096D528 /* Release */,
			);
			defaultConfigurationIsVisible = 0;
			defaultConfigurationName = Release;
		};
/* End XCConfigurationList section */
	};
	rootObject = 1A6DEC7728CD23880096D528 /* Project object */;
}
